<?xml version="1.0" encoding="utf-8"?>
<Project ToolsVersion="4.0" xmlns="http://schemas.microsoft.com/developer/msbuild/2003">
  <ItemGroup>
    <Filter Include="Source Files">
      <UniqueIdentifier>{4FC737F1-C7A5-4376-A066-2A32D752A2FF}</UniqueIdentifier>
      <Extensions>cpp;c;cc;cxx;def;odl;idl;hpj;bat;asm;asmx</Extensions>
    </Filter>
    <Filter Include="Header Files">
      <UniqueIdentifier>{93995380-89BD-4b04-88EB-625FBE52EBFB}</UniqueIdentifier>
      <Extensions>h;hpp;hxx;hm;inl;inc;xsd</Extensions>
    </Filter>
    <Filter Include="Resource Files">
      <UniqueIdentifier>{67DA6AB6-F800-4c08-8B7A-83BB121AAD01}</UniqueIdentifier>
      <Extensions>rc;ico;cur;bmp;dlg;rc2;rct;bin;rgs;gif;jpg;jpeg;jpe;resx;tiff;tif;png;wav;mfcribbon-ms</Extensions>
    </Filter>
  </ItemGroup>
  <ItemGroup>
    <ClCompile Include="GAnimation.cpp">
      <Filter>Source Files</Filter>
    </ClCompile>
    <ClCompile Include="GEntity.cpp">
      <Filter>Source Files</Filter>
    </ClCompile>
    <ClCompile Include="GEntityCollide.cpp">
      <Filter>Source Files</Filter>
    </ClCompile>
    <ClCompile Include="GEvent.cpp">
      <Filter>Source Files</Filter>
    </ClCompile>
    <ClCompile Include="GFontEngine.cpp">
      <Filter>Source Files</Filter>
    </ClCompile>
    <ClCompile Include="GFPS.cpp">
      <Filter>Source Files</Filter>
    </ClCompile>
    <ClCompile Include="GPlayer.cpp">
      <Filter>Source Files</Filter>
    </ClCompile>
    <ClCompile Include="GSoundBank.cpp">
      <Filter>Source Files</Filter>
    </ClCompile>
    <ClCompile Include="GState.cpp">
      <Filter>Source Files</Filter>
    </ClCompile>
    <ClCompile Include="GState_InGame.cpp">
      <Filter>Source Files</Filter>
    </ClCompile>
    <ClCompile Include="GState_InMenu.cpp">
      <Filter>Source Files</Filter>
    </ClCompile>
    <ClCompile Include="GState_InTitle.cpp">
      <Filter>Source Files</Filter>
    </ClCompile>
    <ClCompile Include="GStateManager.cpp">
      <Filter>Source Files</Filter>
    </ClCompile>
    <ClCompile Include="GEngine.cpp">
      <Filter>Source Files</Filter>
    </ClCompile>
    <ClCompile Include="GEngine_OnCleanup.cpp">
      <Filter>Source Files</Filter>
    </ClCompile>
    <ClCompile Include="GEngine_OnEvent.cpp">
      <Filter>Source Files</Filter>
    </ClCompile>
    <ClCompile Include="GEngine_OnInit.cpp">
      <Filter>Source Files</Filter>
    </ClCompile>
    <ClCompile Include="GEngine_OnLoop.cpp">
      <Filter>Source Files</Filter>
    </ClCompile>
    <ClCompile Include="GEngine_OnRender.cpp">
      <Filter>Source Files</Filter>
    </ClCompile>
    <ClCompile Include="GArea.cpp">
      <Filter>Source Files</Filter>
    </ClCompile>
    <ClCompile Include="GCamera.cpp">
      <Filter>Source Files</Filter>
    </ClCompile>
    <ClCompile Include="GMap.cpp">
      <Filter>Source Files</Filter>
    </ClCompile>
    <ClCompile Include="GSurface.cpp">
      <Filter>Source Files</Filter>
    </ClCompile>
    <ClCompile Include="GTile.cpp">
      <Filter>Source Files</Filter>
    </ClCompile>
  </ItemGroup>
  <ItemGroup>
    <ClInclude Include="GAnimation.h">
      <Filter>Header Files</Filter>
    </ClInclude>
    <ClInclude Include="GArea.h">
      <Filter>Header Files</Filter>
    </ClInclude>
    <ClInclude Include="GCamera.h">
      <Filter>Header Files</Filter>
    </ClInclude>
    <ClInclude Include="GConfig.h">
      <Filter>Header Files</Filter>
    </ClInclude>
    <ClInclude Include="GEntity.h">
      <Filter>Header Files</Filter>
    </ClInclude>
    <ClInclude Include="GEvent.h">
      <Filter>Header Files</Filter>
    </ClInclude>
    <ClInclude Include="GFontEngine.h">
      <Filter>Header Files</Filter>
    </ClInclude>
    <ClInclude Include="GFPS.h">
      <Filter>Header Files</Filter>
    </ClInclude>
    <ClInclude Include="GMap.h">
      <Filter>Header Files</Filter>
    </ClInclude>
    <ClInclude Include="GPlayer.h">
      <Filter>Header Files</Filter>
    </ClInclude>
    <ClInclude Include="GSoundBank.h">
      <Filter>Header Files</Filter>
    </ClInclude>
    <ClInclude Include="GState.h">
      <Filter>Header Files</Filter>
    </ClInclude>
    <ClInclude Include="GState_InGame.h">
      <Filter>Header Files</Filter>
    </ClInclude>
    <ClInclude Include="GState_InMenu.h">
      <Filter>Header Files</Filter>
    </ClInclude>
    <ClInclude Include="GState_InTitle.h">
      <Filter>Header Files</Filter>
    </ClInclude>
    <ClInclude Include="GStateManager.h">
      <Filter>Header Files</Filter>
    </ClInclude>
    <ClInclude Include="GSurface.h">
      <Filter>Header Files</Filter>
    </ClInclude>
    <ClInclude Include="GTile.h">
      <Filter>Header Files</Filter>
    </ClInclude>
    <ClInclude Include="GEngine.h">
      <Filter>Header Files</Filter>
    </ClInclude>
  </ItemGroup>
</Project>